
Microsoft Visual Studio Solution File, Format Version 12.00
# Visual Studio Version 16
VisualStudioVersion = 16.0.34301.259
MinimumVisualStudioVersion = 10.0.40219.1
Project("{FAE04EC0-301F-11D3-BF4B-00C04F79EFBC}") = "PickACardUI", "PickACardUI\PickACardUI.csproj", "{BC18BF7F-431E-4579-BDEE-F96A09736A15}"
EndProject
Global
	GlobalSection(SolutionConfigurationPlatforms) = preSolution
		Debug|Any CPU = Debug|Any CPU
		Release|Any CPU = Release|Any CPU
	EndGlobalSection
	GlobalSection(ProjectConfigurationPlatforms) = postSolution
		{BC18BF7F-431E-4579-BDEE-F96A09736A15}.Debug|Any CPU.ActiveCfg = Debug|Any CPU
		{BC18BF7F-431E-4579-BDEE-F96A09736A15}.Debug|Any CPU.Build.0 = Debug|Any CPU
		{BC18BF7F-431E-4579-BDEE-F96A09736A15}.Release|Any CPU.ActiveCfg = Release|Any CPU
		{BC18BF7F-431E-4579-BDEE-F96A09736A15}.Release|Any CPU.Build.0 = Release|Any CPU
	EndGlobalSection
	GlobalSection(SolutionProperties) = preSolution
		HideSolutionNode = FALSE
	EndGlobalSection
	GlobalSection(ExtensibilityGlobals) = postSolution
		SolutionGuid = {8A4EC4C9-6AF7-4611-96CD-549E6EAE78E1}
	EndGlobalSection
EndGlobal
